
Microsoft Visual Studio Solution File, Format Version 12.00
# Visual Studio Version 17
VisualStudioVersion = 17.8.34525.116
MinimumVisualStudioVersion = 10.0.40219.1
Project("{FAE04EC0-301F-11D3-BF4B-00C04F79EFBC}") = "WebApi2", "WebApi2\WebApi2.csproj", "{D74FF63A-E876-41A3-9E11-B947636993CA}"
EndProject
Global
	GlobalSection(SolutionConfigurationPlatforms) = preSolution
		Debug|Any CPU = Debug|Any CPU
		Release|Any CPU = Release|Any CPU
	EndGlobalSection
	GlobalSection(ProjectConfigurationPlatforms) = postSolution
		{D74FF63A-E876-41A3-9E11-B947636993CA}.Debug|Any CPU.ActiveCfg = Debug|Any CPU
		{D74FF63A-E876-41A3-9E11-B947636993CA}.Debug|Any CPU.Build.0 = Debug|Any CPU
		{D74FF63A-E876-41A3-9E11-B947636993CA}.Release|Any CPU.ActiveCfg = Release|Any CPU
		{D74FF63A-E876-41A3-9E11-B947636993CA}.Release|Any CPU.Build.0 = Release|Any CPU
	EndGlobalSection
	GlobalSection(SolutionProperties) = preSolution
		HideSolutionNode = FALSE
	EndGlobalSection
	GlobalSection(ExtensibilityGlobals) = postSolution
		SolutionGuid = {D0B06D8E-AD3A-4C58-A966-A934D71715BA}
	EndGlobalSection
EndGlobal
